<?xml version="1.0" encoding="utf-8"?>
<Project ToolsVersion="4.0" xmlns="http://schemas.microsoft.com/developer/msbuild/2003">
  <ItemGroup>
    <Filter Include="protobuf">
      <UniqueIdentifier>{3ee701b8-f7e1-4be9-9add-8c724c00ed1a}</UniqueIdentifier>
    </Filter>
  </ItemGroup>
  <ItemGroup>
    <ClCompile Include="protobuf\OmokPacket.pb.cc">
      <Filter>protobuf</Filter>
    </ClCompile>
    <ClCompile Include="omok_server.cpp" />
    <ClCompile Include="packet_processor.cpp" />
    <ClCompile Include="main.cpp" />
    <ClCompile Include="packet_queue.cpp" />
    <ClCompile Include="packet_sender.cpp" />
    <ClCompile Include="db_processor.cpp" />
    <ClCompile Include="packet_info.cpp" />
    <ClCompile Include="packet_id.h" />
    <ClCompile Include="game.cpp" />
    <ClCompile Include="room.cpp" />
    <ClCompile Include="room_manager.cpp" />
    <ClCompile Include="session.cpp" />
    <ClCompile Include="session_manager.cpp" />
    <ClCompile Include="timer.cpp" />
  </ItemGroup>
  <ItemGroup>
    <ClInclude Include="protobuf\OmokPacket.pb.h">
      <Filter>protobuf</Filter>
    </ClInclude>
    <ClInclude Include="packet_info.h" />
    <ClInclude Include="omok_server.h" />
    <ClInclude Include="packet_queue.h" />
    <ClInclude Include="packet_processor.h" />
    <ClInclude Include="packet_sender.h" />
    <ClInclude Include="db_processor.h" />
    <ClInclude Include="timer.h" />
    <ClInclude Include="constants.h" />
    <ClInclude Include="game.h" />
    <ClInclude Include="room.h" />
    <ClInclude Include="room_manager.h" />
    <ClInclude Include="session.h" />
    <ClInclude Include="session_manager.h" />
    <ClInclude Include="types.h" />
    <ClInclude Include="flags.h" />
    <ClInclude Include="error_code.h" />
  </ItemGroup>
  <ItemGroup>
    <None Include="protobuf\OmokPacket.proto">
      <Filter>protobuf</Filter>
    </None>
  </ItemGroup>
</Project>